
Microsoft Visual Studio Solution File, Format Version 12.00
# Visual Studio Version 17
VisualStudioVersion = 17.5.002.0
MinimumVisualStudioVersion = 10.0.40219.1
Project("{9A19103F-16F7-4668-BE54-9A1E7A4F7556}") = "CSharpTutorial", "CSharpTutorial.csproj", "{046FC525-83BC-43D8-8B87-D74BA7C36C5C}"
EndProject
Global
	GlobalSection(SolutionConfigurationPlatforms) = preSolution
		Debug|Any CPU = Debug|Any CPU
		Release|Any CPU = Release|Any CPU
	EndGlobalSection
	GlobalSection(ProjectConfigurationPlatforms) = postSolution
		{046FC525-83BC-43D8-8B87-D74BA7C36C5C}.Debug|Any CPU.ActiveCfg = Debug|Any CPU
		{046FC525-83BC-43D8-8B87-D74BA7C36C5C}.Debug|Any CPU.Build.0 = Debug|Any CPU
		{046FC525-83BC-43D8-8B87-D74BA7C36C5C}.Release|Any CPU.ActiveCfg = Release|Any CPU
		{046FC525-83BC-43D8-8B87-D74BA7C36C5C}.Release|Any CPU.Build.0 = Release|Any CPU
	EndGlobalSection
	GlobalSection(SolutionProperties) = preSolution
		HideSolutionNode = FALSE
	EndGlobalSection
	GlobalSection(ExtensibilityGlobals) = postSolution
		SolutionGuid = {BAB81B6A-A1D9-46BA-978D-09CF58E9A810}
	EndGlobalSection
EndGlobal
